
Microsoft Visual Studio Solution File, Format Version 12.00
# Visual Studio Version 16
VisualStudioVersion = 16.0.31105.61
MinimumVisualStudioVersion = 10.0.40219.1
Project("{FAE04EC0-301F-11D3-BF4B-00C04F79EFBC}") = "Numbers", "Numbers\Numbers.csproj", "{1E3185EF-08E9-492D-95D1-0A07C6DC38D8}"
EndProject
Global
	GlobalSection(SolutionConfigurationPlatforms) = preSolution
		Debug|Any CPU = Debug|Any CPU
		Release|Any CPU = Release|Any CPU
	EndGlobalSection
	GlobalSection(ProjectConfigurationPlatforms) = postSolution
		{1E3185EF-08E9-492D-95D1-0A07C6DC38D8}.Debug|Any CPU.ActiveCfg = Debug|Any CPU
		{1E3185EF-08E9-492D-95D1-0A07C6DC38D8}.Debug|Any CPU.Build.0 = Debug|Any CPU
		{1E3185EF-08E9-492D-95D1-0A07C6DC38D8}.Release|Any CPU.ActiveCfg = Release|Any CPU
		{1E3185EF-08E9-492D-95D1-0A07C6DC38D8}.Release|Any CPU.Build.0 = Release|Any CPU
	EndGlobalSection
	GlobalSection(SolutionProperties) = preSolution
		HideSolutionNode = FALSE
	EndGlobalSection
	GlobalSection(ExtensibilityGlobals) = postSolution
		SolutionGuid = {619260A5-7AEE-42E6-B93A-B6F5388605F8}
	EndGlobalSection
EndGlobal
